{
  "lockfile_version": "1",
  "packages": {
    "direnv@2.35.0": {
      "last_modified": "2025-02-07T11:26:36Z",
      "resolved": "github:NixOS/nixpkgs/d98abf5cf5914e5e4e9d57205e3af55ca90ffc1d#direnv",
      "source": "devbox-search",
      "version": "2.35.0",
      "systems": {
        "aarch64-darwin": {
          "outputs": [
            {
              "name": "out",
              "path": "/nix/store/4dg5yb1b41ygk74ghib220aics90p44m-direnv-2.35.0",
              "default": true
            }
          ],
          "store_path": "/nix/store/4dg5yb1b41ygk74ghib220aics90p44m-direnv-2.35.0"
        },
        "aarch64-linux": {
          "outputs": [
            {
              "name": "out",
              "path": "/nix/store/gk8vgnjw21i4grcvjf6d879a1wysj4aq-direnv-2.35.0",
              "default": true
            }
          ],
          "store_path": "/nix/store/gk8vgnjw21i4grcvjf6d879a1wysj4aq-direnv-2.35.0"
        },
        "x86_64-darwin": {
          "outputs": [
            {
              "name": "out",
              "path": "/nix/store/3zjm59hmy9j95j553dfn1mhqb3kjglmy-direnv-2.35.0",
              "default": true
            }
          ],
          "store_path": "/nix/store/3zjm59hmy9j95j553dfn1mhqb3kjglmy-direnv-2.35.0"
        },
        "x86_64-linux": {
          "outputs": [
            {
              "name": "out",
              "path": "/nix/store/g7yx0vj7bykfpp27klsa12fcx7pn3sqv-direnv-2.35.0",
              "default": true
            }
          ],
          "store_path": "/nix/store/g7yx0vj7bykfpp27klsa12fcx7pn3sqv-direnv-2.35.0"
        }
      }
    },
    "github:NixOS/nixpkgs/nixpkgs-unstable": {
      "resolved": "github:NixOS/nixpkgs/ffa0bb043c25cfc79ff3bc20ba2e44c3724499b1?lastModified=1745900683&narHash=sha256-ZGi2gjgPtmPmplCVz7dNufqkBr00g6EeAloX3GrFQls%3D"
    },
    "gitleaks@8.24.0": {
      "last_modified": "2025-03-11T17:52:14Z",
      "resolved": "github:NixOS/nixpkgs/0d534853a55b5d02a4ababa1d71921ce8f0aee4c#gitleaks",
      "source": "devbox-search",
      "version": "8.24.0",
      "systems": {
        "aarch64-darwin": {
          "outputs": [
            {
              "name": "out",
              "path": "/nix/store/sin0dw01a76a3a0qxia38lpzminvq7nb-gitleaks-8.24.0",
              "default": true
            }
          ],
          "store_path": "/nix/store/sin0dw01a76a3a0qxia38lpzminvq7nb-gitleaks-8.24.0"
        },
        "aarch64-linux": {
          "outputs": [
            {
              "name": "out",
              "path": "/nix/store/9qin6a79cgaz9xhcsrm69zacamjf0738-gitleaks-8.24.0",
              "default": true
            }
          ],
          "store_path": "/nix/store/9qin6a79cgaz9xhcsrm69zacamjf0738-gitleaks-8.24.0"
        },
        "x86_64-darwin": {
          "outputs": [
            {
              "name": "out",
              "path": "/nix/store/i3ag4bahlssiynrbbd05d7vir5l719vm-gitleaks-8.24.0",
              "default": true
            }
          ],
          "store_path": "/nix/store/i3ag4bahlssiynrbbd05d7vir5l719vm-gitleaks-8.24.0"
        },
        "x86_64-linux": {
          "outputs": [
            {
              "name": "out",
              "path": "/nix/store/07ga7fa7mar5115gfx6n6ryhv5dg17gr-gitleaks-8.24.0",
              "default": true
            }
          ],
          "store_path": "/nix/store/07ga7fa7mar5115gfx6n6ryhv5dg17gr-gitleaks-8.24.0"
        }
      }
    },
    "pre-commit@4.0.1": {
      "last_modified": "2025-02-12T00:10:52Z",
      "resolved": "github:NixOS/nixpkgs/83a2581c81ff5b06f7c1a4e7cc736a455dfcf7b4#pre-commit",
      "source": "devbox-search",
      "version": "4.0.1",
      "systems": {
        "aarch64-darwin": {
          "outputs": [
            {
              "name": "out",
              "path": "/nix/store/04s96p3zs3pi5q4j50l7izp3ra9n0zkv-pre-commit-4.0.1",
              "default": true
            },
            {
              "name": "dist",
              "path": "/nix/store/2i1nwyly1likq97qwim83ck2p0rip7w5-pre-commit-4.0.1-dist"
            }
          ],
          "store_path": "/nix/store/04s96p3zs3pi5q4j50l7izp3ra9n0zkv-pre-commit-4.0.1"
        },
        "aarch64-linux": {
          "outputs": [
            {
              "name": "out",
              "path": "/nix/store/bk5x7zihdsp40j62b7kncj8bmzc9f4r6-pre-commit-4.0.1",
              "default": true
            },
            {
              "name": "dist",
              "path": "/nix/store/3nlk5cgh0rlch7cj1k22s838mj6kfzzw-pre-commit-4.0.1-dist"
            }
          ],
          "store_path": "/nix/store/bk5x7zihdsp40j62b7kncj8bmzc9f4r6-pre-commit-4.0.1"
        },
        "x86_64-darwin": {
          "outputs": [
            {
              "name": "out",
              "path": "/nix/store/lw7wsd8xhix4kq7rwxjhxq477wjv7igg-pre-commit-4.0.1",
              "default": true
            },
            {
              "name": "dist",
              "path": "/nix/store/hh9nlm842knyz8fcxzc0rrjn6jskgfpn-pre-commit-4.0.1-dist"
            }
          ],
          "store_path": "/nix/store/lw7wsd8xhix4kq7rwxjhxq477wjv7igg-pre-commit-4.0.1"
        },
        "x86_64-linux": {
          "outputs": [
            {
              "name": "out",
              "path": "/nix/store/gz8gn7rhfq48xb1rydv1fga9halh41a1-pre-commit-4.0.1",
              "default": true
            },
            {
              "name": "dist",
              "path": "/nix/store/ddrzkdkxfx8vpxpr3s1kqbcrfvwz24yn-pre-commit-4.0.1-dist"
            }
          ],
          "store_path": "/nix/store/gz8gn7rhfq48xb1rydv1fga9halh41a1-pre-commit-4.0.1"
        }
      }
    },
    "yamllint@1.37.1": {
      "last_modified": "2026-07-23T05:10:05Z",
      "resolved": "github:NixOS/nixpkgs/7525d999cd850b9a488817abc89c75dc733acf17#yamllint",
      "source": "devbox-search",
      "version": "1.37.1",
      "systems": {
        "aarch64-darwin": {
          "outputs": [
            {
              "name": "out",
              "path": "/nix/store/vpq8wahxdd29gy4fwpv8hh06q8sanax4-python3.14-yamllint-1.37.1",
              "default": true
            },
            {
              "name": "dist",
              "path": "/nix/store/p9m4br3vy8ygagdfgf5piwrm1jvp177k-python3.14-yamllint-1.37.1-dist"
            }
          ],
          "store_path": "/nix/store/vpq8wahxdd29gy4fwpv8hh06q8sanax4-python3.14-yamllint-1.37.1"
        },
        "aarch64-linux": {
          "outputs": [
            {
              "name": "out",
              "path": "/nix/store/0ia2dajvx3rfxgmgd7l7i32awmz7a6jv-python3.14-yamllint-1.37.1",
              "default": true
            },
            {
              "name": "dist",
              "path": "/nix/store/079c2pr55hkm0rqlxwkd8svm5sgxb5ld-python3.14-yamllint-1.37.1-dist"
            }
          ],
          "store_path": "/nix/store/0ia2dajvx3rfxgmgd7l7i32awmz7a6jv-python3.14-yamllint-1.37.1"
        },
        "x86_64-darwin": {
          "outputs": [
            {
              "name": "out",
              "path": "/nix/store/bif9hvk42ynby7sdw88lax0j51kzlr2n-python3.13-yamllint-1.37.1",
              "default": true
            },
            {
              "name": "dist",
              "path": "/nix/store/qa1dq7xly19afgn165nf6572b3q61w1s-python3.13-yamllint-1.37.1-dist"
            }
          ],
          "store_path": "/nix/store/bif9hvk42ynby7sdw88lax0j51kzlr2n-python3.13-yamllint-1.37.1"
        },
        "x86_64-linux": {
          "outputs": [
            {
              "name": "out",
              "path": "/nix/store/cvv7qh6zd5bw9zwbmirg5kvbhkqlknrj-python3.14-yamllint-1.37.1",
              "default": true
            },
            {
              "name": "dist",
              "path": "/nix/store/69dj6vs71fxpy71jy1cpdd7widcm6zxx-python3.14-yamllint-1.37.1-dist"
            }
          ],
          "store_path": "/nix/store/cvv7qh6zd5bw9zwbmirg5kvbhkqlknrj-python3.14-yamllint-1.37.1"
        }
      }
    }
  }
}
