{
  "lockfile_version": "1",
  "packages": {
    "direnv@2.35.0": {
      "last_modified": "2025-02-07T11:26:36Z",
      "resolved": "github:NixOS/nixpkgs/d98abf5cf5914e5e4e9d57205e3af55ca90ffc1d#direnv",
      "source": "devbox-search",
      "version": "2.35.0",
      "systems": {
        "aarch64-darwin": {
          "outputs": [
            {
              "name": "out",
              "path": "/nix/store/4dg5yb1b41ygk74ghib220aics90p44m-direnv-2.35.0",
              "default": true
            }
          ],
          "store_path": "/nix/store/4dg5yb1b41ygk74ghib220aics90p44m-direnv-2.35.0"
        },
        "aarch64-linux": {
          "outputs": [
            {
              "name": "out",
              "path": "/nix/store/gk8vgnjw21i4grcvjf6d879a1wysj4aq-direnv-2.35.0",
              "default": true
            }
          ],
          "store_path": "/nix/store/gk8vgnjw21i4grcvjf6d879a1wysj4aq-direnv-2.35.0"
        },
        "x86_64-darwin": {
          "outputs": [
            {
              "name": "out",
              "path": "/nix/store/3zjm59hmy9j95j553dfn1mhqb3kjglmy-direnv-2.35.0",
              "default": true
            }
          ],
          "store_path": "/nix/store/3zjm59hmy9j95j553dfn1mhqb3kjglmy-direnv-2.35.0"
        },
        "x86_64-linux": {
          "outputs": [
            {
              "name": "out",
              "path": "/nix/store/g7yx0vj7bykfpp27klsa12fcx7pn3sqv-direnv-2.35.0",
              "default": true
            }
          ],
          "store_path": "/nix/store/g7yx0vj7bykfpp27klsa12fcx7pn3sqv-direnv-2.35.0"
        }
      }
    },
    "github:NixOS/nixpkgs/nixpkgs-unstable": {
      "resolved": "github:NixOS/nixpkgs/ffa0bb043c25cfc79ff3bc20ba2e44c3724499b1?lastModified=1745900683&narHash=sha256-ZGi2gjgPtmPmplCVz7dNufqkBr00g6EeAloX3GrFQls%3D"
    },
    "gitleaks@8.23.3": {
      "last_modified": "2025-02-07T11:26:36Z",
      "resolved": "github:NixOS/nixpkgs/d98abf5cf5914e5e4e9d57205e3af55ca90ffc1d#gitleaks",
      "source": "devbox-search",
      "version": "8.23.3",
      "systems": {
        "aarch64-darwin": {
          "outputs": [
            {
              "name": "out",
              "path": "/nix/store/jjycpwr0vzdzpcawjm1qppk48v3nmv72-gitleaks-8.23.3",
              "default": true
            }
          ],
          "store_path": "/nix/store/jjycpwr0vzdzpcawjm1qppk48v3nmv72-gitleaks-8.23.3"
        },
        "aarch64-linux": {
          "outputs": [
            {
              "name": "out",
              "path": "/nix/store/p2mq9nwdcdc4fi7n5wdjb13vcx7lsr44-gitleaks-8.23.3",
              "default": true
            }
          ],
          "store_path": "/nix/store/p2mq9nwdcdc4fi7n5wdjb13vcx7lsr44-gitleaks-8.23.3"
        },
        "x86_64-darwin": {
          "outputs": [
            {
              "name": "out",
              "path": "/nix/store/bvjpkyg452fwp533ip48i796p3kvwy1p-gitleaks-8.23.3",
              "default": true
            }
          ],
          "store_path": "/nix/store/bvjpkyg452fwp533ip48i796p3kvwy1p-gitleaks-8.23.3"
        },
        "x86_64-linux": {
          "outputs": [
            {
              "name": "out",
              "path": "/nix/store/727xxznh4sm36155ci7jc8gmpj30pa18-gitleaks-8.23.3",
              "default": true
            }
          ],
          "store_path": "/nix/store/727xxznh4sm36155ci7jc8gmpj30pa18-gitleaks-8.23.3"
        }
      }
    },
    "pre-commit@4.0.1": {
      "last_modified": "2025-02-12T00:10:52Z",
      "resolved": "github:NixOS/nixpkgs/83a2581c81ff5b06f7c1a4e7cc736a455dfcf7b4#pre-commit",
      "source": "devbox-search",
      "version": "4.0.1",
      "systems": {
        "aarch64-darwin": {
          "outputs": [
            {
              "name": "out",
              "path": "/nix/store/04s96p3zs3pi5q4j50l7izp3ra9n0zkv-pre-commit-4.0.1",
              "default": true
            },
            {
              "name": "dist",
              "path": "/nix/store/2i1nwyly1likq97qwim83ck2p0rip7w5-pre-commit-4.0.1-dist"
            }
          ],
          "store_path": "/nix/store/04s96p3zs3pi5q4j50l7izp3ra9n0zkv-pre-commit-4.0.1"
        },
        "aarch64-linux": {
          "outputs": [
            {
              "name": "out",
              "path": "/nix/store/bk5x7zihdsp40j62b7kncj8bmzc9f4r6-pre-commit-4.0.1",
              "default": true
            },
            {
              "name": "dist",
              "path": "/nix/store/3nlk5cgh0rlch7cj1k22s838mj6kfzzw-pre-commit-4.0.1-dist"
            }
          ],
          "store_path": "/nix/store/bk5x7zihdsp40j62b7kncj8bmzc9f4r6-pre-commit-4.0.1"
        },
        "x86_64-darwin": {
          "outputs": [
            {
              "name": "out",
              "path": "/nix/store/lw7wsd8xhix4kq7rwxjhxq477wjv7igg-pre-commit-4.0.1",
              "default": true
            },
            {
              "name": "dist",
              "path": "/nix/store/hh9nlm842knyz8fcxzc0rrjn6jskgfpn-pre-commit-4.0.1-dist"
            }
          ],
          "store_path": "/nix/store/lw7wsd8xhix4kq7rwxjhxq477wjv7igg-pre-commit-4.0.1"
        },
        "x86_64-linux": {
          "outputs": [
            {
              "name": "out",
              "path": "/nix/store/gz8gn7rhfq48xb1rydv1fga9halh41a1-pre-commit-4.0.1",
              "default": true
            },
            {
              "name": "dist",
              "path": "/nix/store/ddrzkdkxfx8vpxpr3s1kqbcrfvwz24yn-pre-commit-4.0.1-dist"
            }
          ],
          "store_path": "/nix/store/gz8gn7rhfq48xb1rydv1fga9halh41a1-pre-commit-4.0.1"
        }
      }
    },
    "yamllint@1.35.1": {
      "last_modified": "2025-02-07T11:26:36Z",
      "resolved": "github:NixOS/nixpkgs/d98abf5cf5914e5e4e9d57205e3af55ca90ffc1d#yamllint",
      "source": "devbox-search",
      "version": "1.35.1",
      "systems": {
        "aarch64-darwin": {
          "outputs": [
            {
              "name": "out",
              "path": "/nix/store/1ypz85j177gjwkq2k4rqydqsn8zj0sxq-python3.12-yamllint-1.35.1",
              "default": true
            },
            {
              "name": "dist",
              "path": "/nix/store/xqik7njx28sab9m0cqk0vv7s9df13nsa-python3.12-yamllint-1.35.1-dist"
            }
          ],
          "store_path": "/nix/store/1ypz85j177gjwkq2k4rqydqsn8zj0sxq-python3.12-yamllint-1.35.1"
        },
        "aarch64-linux": {
          "outputs": [
            {
              "name": "out",
              "path": "/nix/store/dhqg2d72rf6lj95q3rl22dsjw7vqlh3s-python3.12-yamllint-1.35.1",
              "default": true
            },
            {
              "name": "dist",
              "path": "/nix/store/d7gba3vhgxy8ylgfs1rpm75wmlbyyjj2-python3.12-yamllint-1.35.1-dist"
            }
          ],
          "store_path": "/nix/store/dhqg2d72rf6lj95q3rl22dsjw7vqlh3s-python3.12-yamllint-1.35.1"
        },
        "x86_64-darwin": {
          "outputs": [
            {
              "name": "out",
              "path": "/nix/store/f3ckklymm29gagpn90nrrrmmhah3i5zc-python3.12-yamllint-1.35.1",
              "default": true
            },
            {
              "name": "dist",
              "path": "/nix/store/vvmygr48vaddnk9pqfdsw7y5bc67p67q-python3.12-yamllint-1.35.1-dist"
            }
          ],
          "store_path": "/nix/store/f3ckklymm29gagpn90nrrrmmhah3i5zc-python3.12-yamllint-1.35.1"
        },
        "x86_64-linux": {
          "outputs": [
            {
              "name": "out",
              "path": "/nix/store/7m7kphan7wjanirlyfp78lkbhpbf7i2l-python3.12-yamllint-1.35.1",
              "default": true
            },
            {
              "name": "dist",
              "path": "/nix/store/6kpzvm6id8avxa3yvc7lyjgw4blw2ns4-python3.12-yamllint-1.35.1-dist"
            }
          ],
          "store_path": "/nix/store/7m7kphan7wjanirlyfp78lkbhpbf7i2l-python3.12-yamllint-1.35.1"
        }
      }
    }
  }
}
