{
  "lockfile_version": "1",
  "packages": {
    "direnv@2.35.0": {
      "last_modified": "2025-02-07T11:26:36Z",
      "resolved": "github:NixOS/nixpkgs/d98abf5cf5914e5e4e9d57205e3af55ca90ffc1d#direnv",
      "source": "devbox-search",
      "version": "2.35.0",
      "systems": {
        "aarch64-darwin": {
          "outputs": [
            {
              "name": "out",
              "path": "/nix/store/4dg5yb1b41ygk74ghib220aics90p44m-direnv-2.35.0",
              "default": true
            }
          ],
          "store_path": "/nix/store/4dg5yb1b41ygk74ghib220aics90p44m-direnv-2.35.0"
        },
        "aarch64-linux": {
          "outputs": [
            {
              "name": "out",
              "path": "/nix/store/gk8vgnjw21i4grcvjf6d879a1wysj4aq-direnv-2.35.0",
              "default": true
            }
          ],
          "store_path": "/nix/store/gk8vgnjw21i4grcvjf6d879a1wysj4aq-direnv-2.35.0"
        },
        "x86_64-darwin": {
          "outputs": [
            {
              "name": "out",
              "path": "/nix/store/3zjm59hmy9j95j553dfn1mhqb3kjglmy-direnv-2.35.0",
              "default": true
            }
          ],
          "store_path": "/nix/store/3zjm59hmy9j95j553dfn1mhqb3kjglmy-direnv-2.35.0"
        },
        "x86_64-linux": {
          "outputs": [
            {
              "name": "out",
              "path": "/nix/store/g7yx0vj7bykfpp27klsa12fcx7pn3sqv-direnv-2.35.0",
              "default": true
            }
          ],
          "store_path": "/nix/store/g7yx0vj7bykfpp27klsa12fcx7pn3sqv-direnv-2.35.0"
        }
      }
    },
    "github:NixOS/nixpkgs/nixpkgs-unstable": {
      "resolved": "github:NixOS/nixpkgs/ffa0bb043c25cfc79ff3bc20ba2e44c3724499b1?lastModified=1745900683&narHash=sha256-ZGi2gjgPtmPmplCVz7dNufqkBr00g6EeAloX3GrFQls%3D"
    },
    "gitleaks@8.24.0": {
      "last_modified": "2025-03-11T17:52:14Z",
      "resolved": "github:NixOS/nixpkgs/0d534853a55b5d02a4ababa1d71921ce8f0aee4c#gitleaks",
      "source": "devbox-search",
      "version": "8.24.0",
      "systems": {
        "aarch64-darwin": {
          "outputs": [
            {
              "name": "out",
              "path": "/nix/store/sin0dw01a76a3a0qxia38lpzminvq7nb-gitleaks-8.24.0",
              "default": true
            }
          ],
          "store_path": "/nix/store/sin0dw01a76a3a0qxia38lpzminvq7nb-gitleaks-8.24.0"
        },
        "aarch64-linux": {
          "outputs": [
            {
              "name": "out",
              "path": "/nix/store/9qin6a79cgaz9xhcsrm69zacamjf0738-gitleaks-8.24.0",
              "default": true
            }
          ],
          "store_path": "/nix/store/9qin6a79cgaz9xhcsrm69zacamjf0738-gitleaks-8.24.0"
        },
        "x86_64-darwin": {
          "outputs": [
            {
              "name": "out",
              "path": "/nix/store/i3ag4bahlssiynrbbd05d7vir5l719vm-gitleaks-8.24.0",
              "default": true
            }
          ],
          "store_path": "/nix/store/i3ag4bahlssiynrbbd05d7vir5l719vm-gitleaks-8.24.0"
        },
        "x86_64-linux": {
          "outputs": [
            {
              "name": "out",
              "path": "/nix/store/07ga7fa7mar5115gfx6n6ryhv5dg17gr-gitleaks-8.24.0",
              "default": true
            }
          ],
          "store_path": "/nix/store/07ga7fa7mar5115gfx6n6ryhv5dg17gr-gitleaks-8.24.0"
        }
      }
    },
    "pre-commit@4.5.1": {
      "last_modified": "2026-07-23T05:10:05Z",
      "resolved": "github:NixOS/nixpkgs/7525d999cd850b9a488817abc89c75dc733acf17#pre-commit",
      "source": "devbox-search",
      "version": "4.5.1",
      "systems": {
        "aarch64-darwin": {
          "outputs": [
            {
              "name": "out",
              "path": "/nix/store/zy4s7p53x911n0rngl0v3sarpg1qc43r-pre-commit-4.5.1",
              "default": true
            },
            {
              "name": "dist",
              "path": "/nix/store/g6jg597amf2f0ikhlii3iw8z3rriwx1c-pre-commit-4.5.1-dist"
            }
          ],
          "store_path": "/nix/store/zy4s7p53x911n0rngl0v3sarpg1qc43r-pre-commit-4.5.1"
        },
        "aarch64-linux": {
          "outputs": [
            {
              "name": "out",
              "path": "/nix/store/pf982haqw9f5nbas63xhxlqwdbgz0p7w-pre-commit-4.5.1",
              "default": true
            },
            {
              "name": "dist",
              "path": "/nix/store/qcmqnda32vcn9jiird3whjs4k2s8bq7j-pre-commit-4.5.1-dist"
            }
          ],
          "store_path": "/nix/store/pf982haqw9f5nbas63xhxlqwdbgz0p7w-pre-commit-4.5.1"
        },
        "x86_64-darwin": {
          "outputs": [
            {
              "name": "out",
              "path": "/nix/store/51i9rjiyhdnxd96rp3cc8ykhcld7zhqq-pre-commit-4.5.1",
              "default": true
            },
            {
              "name": "dist",
              "path": "/nix/store/hphzzlh3q6nz74px0mq2a1h7yqkyr35b-pre-commit-4.5.1-dist"
            }
          ],
          "store_path": "/nix/store/51i9rjiyhdnxd96rp3cc8ykhcld7zhqq-pre-commit-4.5.1"
        },
        "x86_64-linux": {
          "outputs": [
            {
              "name": "out",
              "path": "/nix/store/m9v9ypkyq41mcvdvsvivjkwgdygzdkbp-pre-commit-4.5.1",
              "default": true
            },
            {
              "name": "dist",
              "path": "/nix/store/lq6lbw29brd4rj8jlgzmqp151sxbwcy4-pre-commit-4.5.1-dist"
            }
          ],
          "store_path": "/nix/store/m9v9ypkyq41mcvdvsvivjkwgdygzdkbp-pre-commit-4.5.1"
        }
      }
    },
    "yamllint@1.35.1": {
      "last_modified": "2025-02-07T11:26:36Z",
      "resolved": "github:NixOS/nixpkgs/d98abf5cf5914e5e4e9d57205e3af55ca90ffc1d#yamllint",
      "source": "devbox-search",
      "version": "1.35.1",
      "systems": {
        "aarch64-darwin": {
          "outputs": [
            {
              "name": "out",
              "path": "/nix/store/1ypz85j177gjwkq2k4rqydqsn8zj0sxq-python3.12-yamllint-1.35.1",
              "default": true
            },
            {
              "name": "dist",
              "path": "/nix/store/xqik7njx28sab9m0cqk0vv7s9df13nsa-python3.12-yamllint-1.35.1-dist"
            }
          ],
          "store_path": "/nix/store/1ypz85j177gjwkq2k4rqydqsn8zj0sxq-python3.12-yamllint-1.35.1"
        },
        "aarch64-linux": {
          "outputs": [
            {
              "name": "out",
              "path": "/nix/store/dhqg2d72rf6lj95q3rl22dsjw7vqlh3s-python3.12-yamllint-1.35.1",
              "default": true
            },
            {
              "name": "dist",
              "path": "/nix/store/d7gba3vhgxy8ylgfs1rpm75wmlbyyjj2-python3.12-yamllint-1.35.1-dist"
            }
          ],
          "store_path": "/nix/store/dhqg2d72rf6lj95q3rl22dsjw7vqlh3s-python3.12-yamllint-1.35.1"
        },
        "x86_64-darwin": {
          "outputs": [
            {
              "name": "out",
              "path": "/nix/store/f3ckklymm29gagpn90nrrrmmhah3i5zc-python3.12-yamllint-1.35.1",
              "default": true
            },
            {
              "name": "dist",
              "path": "/nix/store/vvmygr48vaddnk9pqfdsw7y5bc67p67q-python3.12-yamllint-1.35.1-dist"
            }
          ],
          "store_path": "/nix/store/f3ckklymm29gagpn90nrrrmmhah3i5zc-python3.12-yamllint-1.35.1"
        },
        "x86_64-linux": {
          "outputs": [
            {
              "name": "out",
              "path": "/nix/store/7m7kphan7wjanirlyfp78lkbhpbf7i2l-python3.12-yamllint-1.35.1",
              "default": true
            },
            {
              "name": "dist",
              "path": "/nix/store/6kpzvm6id8avxa3yvc7lyjgw4blw2ns4-python3.12-yamllint-1.35.1-dist"
            }
          ],
          "store_path": "/nix/store/7m7kphan7wjanirlyfp78lkbhpbf7i2l-python3.12-yamllint-1.35.1"
        }
      }
    }
  }
}
